
Microsoft Visual Studio Solution File, Format Version 12.00
# Visual Studio Version 16
VisualStudioVersion = 16.0.29409.12
MinimumVisualStudioVersion = 10.0.40219.1
Project("{9A19103F-16F7-4668-BE54-9A1E7A4F7556}") = "zabotalaboratory.Web", "zabotalaboratory.Web\zabotalaboratory.Web.csproj", "{CD0A0F8D-0CAF-449B-836A-21C9D2610DE0}"
EndProject
Project("{2150E333-8FDC-42A3-9474-1A3956D46DE8}") = "Web", "Web", "{A5207AEF-50CA-4213-8A26-26E0498DE7A6}"
EndProject
Project("{2150E333-8FDC-42A3-9474-1A3956D46DE8}") = "Auth", "Auth", "{DF52816D-3D84-4D5D-ADFB-A84DCB41E56B}"
EndProject
Project("{9A19103F-16F7-4668-BE54-9A1E7A4F7556}") = "zabotalaboratory.Auth.Database", "zabotalaboratory.Auth.Database\zabotalaboratory.Auth.Database.csproj", "{15C37AC7-A698-401C-9715-584F81F31C5F}"
EndProject
Project("{9A19103F-16F7-4668-BE54-9A1E7A4F7556}") = "zabotalaboratory.Auth.Database.Repository", "zabotalaboratory.Auth.Database.Repository\zabotalaboratory.Auth.Database.Repository.csproj", "{730F9713-0FE7-403A-A7ED-10228FAB0D68}"
EndProject
Project("{9A19103F-16F7-4668-BE54-9A1E7A4F7556}") = "zabotalaboratory.Auth.Datamodel", "zabotalaboratory.Auth.Datamodel\zabotalaboratory.Auth.Datamodel.csproj", "{F05ABDDE-B8F2-4B6F-8873-B710BEE18610}"
EndProject
Project("{9A19103F-16F7-4668-BE54-9A1E7A4F7556}") = "zabotalaboratory.Auth.Forms", "zabotalaboratory.Auth.Forms\zabotalaboratory.Auth.Forms.csproj", "{CD2D2727-2943-4CE2-8234-987C0D221134}"
EndProject
Project("{2150E333-8FDC-42A3-9474-1A3956D46DE8}") = "Common", "Common", "{192F0272-87E9-406E-B1B0-9667BE06386E}"
EndProject
Project("{9A19103F-16F7-4668-BE54-9A1E7A4F7556}") = "zabotalaboratory.Common.AutoMapper", "zabotalaboratory.Common.AutoMapper\zabotalaboratory.Common.AutoMapper.csproj", "{B785875C-70AB-4EE0-B2D2-8336CD278902}"
EndProject
Project("{9A19103F-16F7-4668-BE54-9A1E7A4F7556}") = "zabotalaboratory.Common.Datamodel", "zabotalaboratory.Common.Datamodel\zabotalaboratory.Common.Datamodel.csproj", "{5CE4677D-EA30-4661-A46F-8C59C3CBB6FD}"
EndProject
Project("{9A19103F-16F7-4668-BE54-9A1E7A4F7556}") = "zabotalaboratory.Common.EFCore", "zabotalaboratory.Common.EFCore\zabotalaboratory.Common.EFCore.csproj", "{FA943975-DA92-4085-8104-EF5141592A77}"
EndProject
Project("{9A19103F-16F7-4668-BE54-9A1E7A4F7556}") = "zabotalaboratory.Common.PasswordService", "zabotalaboratory.Common.PasswordHashCalculator\zabotalaboratory.Common.PasswordService.csproj", "{9EE2FC98-E654-4450-A0E7-0E5C816AE3D5}"
EndProject
Project("{9A19103F-16F7-4668-BE54-9A1E7A4F7556}") = "zabotalaboratory.Auth.Services", "zabotalaboratory.Auth.Services\zabotalaboratory.Auth.Services.csproj", "{C936B389-4A32-4E5D-B49B-2382EC56CAF1}"
EndProject
Project("{9A19103F-16F7-4668-BE54-9A1E7A4F7556}") = "zabotalaboratory.Common.Result", "zabotalaboratory.Common.Result\zabotalaboratory.Common.Result.csproj", "{C1773A00-9A86-4067-9A91-055621A7EEB5}"
EndProject
Global
	GlobalSection(SolutionConfigurationPlatforms) = preSolution
		Debug|Any CPU = Debug|Any CPU
		Release|Any CPU = Release|Any CPU
	EndGlobalSection
	GlobalSection(ProjectConfigurationPlatforms) = postSolution
		{CD0A0F8D-0CAF-449B-836A-21C9D2610DE0}.Debug|Any CPU.ActiveCfg = Debug|Any CPU
		{CD0A0F8D-0CAF-449B-836A-21C9D2610DE0}.Debug|Any CPU.Build.0 = Debug|Any CPU
		{CD0A0F8D-0CAF-449B-836A-21C9D2610DE0}.Release|Any CPU.ActiveCfg = Release|Any CPU
		{CD0A0F8D-0CAF-449B-836A-21C9D2610DE0}.Release|Any CPU.Build.0 = Release|Any CPU
		{15C37AC7-A698-401C-9715-584F81F31C5F}.Debug|Any CPU.ActiveCfg = Debug|Any CPU
		{15C37AC7-A698-401C-9715-584F81F31C5F}.Debug|Any CPU.Build.0 = Debug|Any CPU
		{15C37AC7-A698-401C-9715-584F81F31C5F}.Release|Any CPU.ActiveCfg = Release|Any CPU
		{15C37AC7-A698-401C-9715-584F81F31C5F}.Release|Any CPU.Build.0 = Release|Any CPU
		{730F9713-0FE7-403A-A7ED-10228FAB0D68}.Debug|Any CPU.ActiveCfg = Debug|Any CPU
		{730F9713-0FE7-403A-A7ED-10228FAB0D68}.Debug|Any CPU.Build.0 = Debug|Any CPU
		{730F9713-0FE7-403A-A7ED-10228FAB0D68}.Release|Any CPU.ActiveCfg = Release|Any CPU
		{730F9713-0FE7-403A-A7ED-10228FAB0D68}.Release|Any CPU.Build.0 = Release|Any CPU
		{F05ABDDE-B8F2-4B6F-8873-B710BEE18610}.Debug|Any CPU.ActiveCfg = Debug|Any CPU
		{F05ABDDE-B8F2-4B6F-8873-B710BEE18610}.Debug|Any CPU.Build.0 = Debug|Any CPU
		{F05ABDDE-B8F2-4B6F-8873-B710BEE18610}.Release|Any CPU.ActiveCfg = Release|Any CPU
		{F05ABDDE-B8F2-4B6F-8873-B710BEE18610}.Release|Any CPU.Build.0 = Release|Any CPU
		{CD2D2727-2943-4CE2-8234-987C0D221134}.Debug|Any CPU.ActiveCfg = Debug|Any CPU
		{CD2D2727-2943-4CE2-8234-987C0D221134}.Debug|Any CPU.Build.0 = Debug|Any CPU
		{CD2D2727-2943-4CE2-8234-987C0D221134}.Release|Any CPU.ActiveCfg = Release|Any CPU
		{CD2D2727-2943-4CE2-8234-987C0D221134}.Release|Any CPU.Build.0 = Release|Any CPU
		{B785875C-70AB-4EE0-B2D2-8336CD278902}.Debug|Any CPU.ActiveCfg = Debug|Any CPU
		{B785875C-70AB-4EE0-B2D2-8336CD278902}.Debug|Any CPU.Build.0 = Debug|Any CPU
		{B785875C-70AB-4EE0-B2D2-8336CD278902}.Release|Any CPU.ActiveCfg = Release|Any CPU
		{B785875C-70AB-4EE0-B2D2-8336CD278902}.Release|Any CPU.Build.0 = Release|Any CPU
		{5CE4677D-EA30-4661-A46F-8C59C3CBB6FD}.Debug|Any CPU.ActiveCfg = Debug|Any CPU
		{5CE4677D-EA30-4661-A46F-8C59C3CBB6FD}.Debug|Any CPU.Build.0 = Debug|Any CPU
		{5CE4677D-EA30-4661-A46F-8C59C3CBB6FD}.Release|Any CPU.ActiveCfg = Release|Any CPU
		{5CE4677D-EA30-4661-A46F-8C59C3CBB6FD}.Release|Any CPU.Build.0 = Release|Any CPU
		{FA943975-DA92-4085-8104-EF5141592A77}.Debug|Any CPU.ActiveCfg = Debug|Any CPU
		{FA943975-DA92-4085-8104-EF5141592A77}.Debug|Any CPU.Build.0 = Debug|Any CPU
		{FA943975-DA92-4085-8104-EF5141592A77}.Release|Any CPU.ActiveCfg = Release|Any CPU
		{FA943975-DA92-4085-8104-EF5141592A77}.Release|Any CPU.Build.0 = Release|Any CPU
		{9EE2FC98-E654-4450-A0E7-0E5C816AE3D5}.Debug|Any CPU.ActiveCfg = Debug|Any CPU
		{9EE2FC98-E654-4450-A0E7-0E5C816AE3D5}.Debug|Any CPU.Build.0 = Debug|Any CPU
		{9EE2FC98-E654-4450-A0E7-0E5C816AE3D5}.Release|Any CPU.ActiveCfg = Release|Any CPU
		{9EE2FC98-E654-4450-A0E7-0E5C816AE3D5}.Release|Any CPU.Build.0 = Release|Any CPU
		{C936B389-4A32-4E5D-B49B-2382EC56CAF1}.Debug|Any CPU.ActiveCfg = Debug|Any CPU
		{C936B389-4A32-4E5D-B49B-2382EC56CAF1}.Debug|Any CPU.Build.0 = Debug|Any CPU
		{C936B389-4A32-4E5D-B49B-2382EC56CAF1}.Release|Any CPU.ActiveCfg = Release|Any CPU
		{C936B389-4A32-4E5D-B49B-2382EC56CAF1}.Release|Any CPU.Build.0 = Release|Any CPU
		{C1773A00-9A86-4067-9A91-055621A7EEB5}.Debug|Any CPU.ActiveCfg = Debug|Any CPU
		{C1773A00-9A86-4067-9A91-055621A7EEB5}.Debug|Any CPU.Build.0 = Debug|Any CPU
		{C1773A00-9A86-4067-9A91-055621A7EEB5}.Release|Any CPU.ActiveCfg = Release|Any CPU
		{C1773A00-9A86-4067-9A91-055621A7EEB5}.Release|Any CPU.Build.0 = Release|Any CPU
	EndGlobalSection
	GlobalSection(SolutionProperties) = preSolution
		HideSolutionNode = FALSE
	EndGlobalSection
	GlobalSection(NestedProjects) = preSolution
		{CD0A0F8D-0CAF-449B-836A-21C9D2610DE0} = {A5207AEF-50CA-4213-8A26-26E0498DE7A6}
		{15C37AC7-A698-401C-9715-584F81F31C5F} = {DF52816D-3D84-4D5D-ADFB-A84DCB41E56B}
		{730F9713-0FE7-403A-A7ED-10228FAB0D68} = {DF52816D-3D84-4D5D-ADFB-A84DCB41E56B}
		{F05ABDDE-B8F2-4B6F-8873-B710BEE18610} = {DF52816D-3D84-4D5D-ADFB-A84DCB41E56B}
		{CD2D2727-2943-4CE2-8234-987C0D221134} = {DF52816D-3D84-4D5D-ADFB-A84DCB41E56B}
		{B785875C-70AB-4EE0-B2D2-8336CD278902} = {192F0272-87E9-406E-B1B0-9667BE06386E}
		{5CE4677D-EA30-4661-A46F-8C59C3CBB6FD} = {192F0272-87E9-406E-B1B0-9667BE06386E}
		{FA943975-DA92-4085-8104-EF5141592A77} = {192F0272-87E9-406E-B1B0-9667BE06386E}
		{9EE2FC98-E654-4450-A0E7-0E5C816AE3D5} = {192F0272-87E9-406E-B1B0-9667BE06386E}
		{C936B389-4A32-4E5D-B49B-2382EC56CAF1} = {DF52816D-3D84-4D5D-ADFB-A84DCB41E56B}
		{C1773A00-9A86-4067-9A91-055621A7EEB5} = {192F0272-87E9-406E-B1B0-9667BE06386E}
	EndGlobalSection
	GlobalSection(ExtensibilityGlobals) = postSolution
		SolutionGuid = {D6AE8121-EFD9-46EF-B9E7-4AD52FADEFA4}
	EndGlobalSection
EndGlobal
